
Microsoft Visual Studio Solution File, Format Version 12.00
# Visual Studio Version 16
VisualStudioVersion = 16.0.31129.286
MinimumVisualStudioVersion = 10.0.40219.1
Project("{FAE04EC0-301F-11D3-BF4B-00C04F79EFBC}") = "Venz.Async", "Venz.Async\Venz.Async.csproj", "{C0A53593-D8CD-4CFA-B1EE-C133AAD56120}"
EndProject
Project("{FAE04EC0-301F-11D3-BF4B-00C04F79EFBC}") = "Venz.Background", "Venz.Background\Venz.Background.csproj", "{79E78899-B677-485A-B9BB-36B7FA53E6A7}"
EndProject
Project("{FAE04EC0-301F-11D3-BF4B-00C04F79EFBC}") = "Venz.Core", "Venz.Core\Venz.Core.csproj", "{13BD17B3-DACF-4D01-9100-754B307EAEF5}"
EndProject
Project("{FAE04EC0-301F-11D3-BF4B-00C04F79EFBC}") = "Venz.Extensions", "Venz.Extensions\Venz.Extensions.csproj", "{04BB7D9D-6F87-4B6D-B1BC-B9FCE6C10CE6}"
EndProject
Project("{FAE04EC0-301F-11D3-BF4B-00C04F79EFBC}") = "Venz.Images", "Venz.Images\Venz.Images.csproj", "{DF5F366A-3AD0-410B-A1B2-B94719C551B1}"
EndProject
Project("{FAE04EC0-301F-11D3-BF4B-00C04F79EFBC}") = "Venz.Media", "Venz.Media\Venz.Media.csproj", "{2BB01A05-C9D7-4782-A531-8689F30F1D1B}"
EndProject
Project("{FAE04EC0-301F-11D3-BF4B-00C04F79EFBC}") = "Venz.Sqlite", "Venz.Sqlite\Venz.Sqlite.csproj", "{672B06DD-4244-4C66-BD35-FBB8D72BF78A}"
EndProject
Project("{FAE04EC0-301F-11D3-BF4B-00C04F79EFBC}") = "Venz.Telemetry", "Venz.Telemetry\Venz.Telemetry.csproj", "{17B81B49-ACF8-4E05-8930-F06B07F17182}"
EndProject
Project("{FAE04EC0-301F-11D3-BF4B-00C04F79EFBC}") = "Venz.Telemetry.Yandex", "Venz.Telemetry.Yandex\Venz.Telemetry.Yandex.csproj", "{29396881-358F-4CA9-8289-5D4E1DC0B99E}"
EndProject
Project("{D954291E-2A0B-460D-934E-DC6B0785DB48}") = "Venz.UI.Xaml.Controls", "Venz.UI.Xaml.Controls\Venz.UI.Xaml.Controls.shproj", "{F7FA9FD0-88D5-4A56-991E-69B2402B162C}"
EndProject
Project("{FAE04EC0-301F-11D3-BF4B-00C04F79EFBC}") = "Venz.Windows", "Venz.Windows\Venz.Windows.csproj", "{B3F0BD5A-3D5F-474B-AD8A-FCCA5C7156F1}"
EndProject
Global
	GlobalSection(SharedMSBuildProjectFiles) = preSolution
		Venz.UI.Xaml.Controls\Venz.UI.Xaml.Controls.projitems*{f7fa9fd0-88d5-4a56-991e-69b2402b162c}*SharedItemsImports = 13
	EndGlobalSection
	GlobalSection(SolutionConfigurationPlatforms) = preSolution
		Debug|Any CPU = Debug|Any CPU
		Debug|ARM = Debug|ARM
		Debug|x64 = Debug|x64
		Debug|x86 = Debug|x86
		Release|Any CPU = Release|Any CPU
		Release|ARM = Release|ARM
		Release|x64 = Release|x64
		Release|x86 = Release|x86
	EndGlobalSection
	GlobalSection(ProjectConfigurationPlatforms) = postSolution
		{C0A53593-D8CD-4CFA-B1EE-C133AAD56120}.Debug|Any CPU.ActiveCfg = Debug|Any CPU
		{C0A53593-D8CD-4CFA-B1EE-C133AAD56120}.Debug|Any CPU.Build.0 = Debug|Any CPU
		{C0A53593-D8CD-4CFA-B1EE-C133AAD56120}.Debug|ARM.ActiveCfg = Debug|ARM
		{C0A53593-D8CD-4CFA-B1EE-C133AAD56120}.Debug|ARM.Build.0 = Debug|ARM
		{C0A53593-D8CD-4CFA-B1EE-C133AAD56120}.Debug|x64.ActiveCfg = Debug|x64
		{C0A53593-D8CD-4CFA-B1EE-C133AAD56120}.Debug|x64.Build.0 = Debug|x64
		{C0A53593-D8CD-4CFA-B1EE-C133AAD56120}.Debug|x86.ActiveCfg = Debug|x86
		{C0A53593-D8CD-4CFA-B1EE-C133AAD56120}.Debug|x86.Build.0 = Debug|x86
		{C0A53593-D8CD-4CFA-B1EE-C133AAD56120}.Release|Any CPU.ActiveCfg = Release|Any CPU
		{C0A53593-D8CD-4CFA-B1EE-C133AAD56120}.Release|Any CPU.Build.0 = Release|Any CPU
		{C0A53593-D8CD-4CFA-B1EE-C133AAD56120}.Release|ARM.ActiveCfg = Release|ARM
		{C0A53593-D8CD-4CFA-B1EE-C133AAD56120}.Release|ARM.Build.0 = Release|ARM
		{C0A53593-D8CD-4CFA-B1EE-C133AAD56120}.Release|x64.ActiveCfg = Release|x64
		{C0A53593-D8CD-4CFA-B1EE-C133AAD56120}.Release|x64.Build.0 = Release|x64
		{C0A53593-D8CD-4CFA-B1EE-C133AAD56120}.Release|x86.ActiveCfg = Release|x86
		{C0A53593-D8CD-4CFA-B1EE-C133AAD56120}.Release|x86.Build.0 = Release|x86
		{79E78899-B677-485A-B9BB-36B7FA53E6A7}.Debug|Any CPU.ActiveCfg = Debug|Any CPU
		{79E78899-B677-485A-B9BB-36B7FA53E6A7}.Debug|Any CPU.Build.0 = Debug|Any CPU
		{79E78899-B677-485A-B9BB-36B7FA53E6A7}.Debug|ARM.ActiveCfg = Debug|ARM
		{79E78899-B677-485A-B9BB-36B7FA53E6A7}.Debug|ARM.Build.0 = Debug|ARM
		{79E78899-B677-485A-B9BB-36B7FA53E6A7}.Debug|x64.ActiveCfg = Debug|x64
		{79E78899-B677-485A-B9BB-36B7FA53E6A7}.Debug|x64.Build.0 = Debug|x64
		{79E78899-B677-485A-B9BB-36B7FA53E6A7}.Debug|x86.ActiveCfg = Debug|x86
		{79E78899-B677-485A-B9BB-36B7FA53E6A7}.Debug|x86.Build.0 = Debug|x86
		{79E78899-B677-485A-B9BB-36B7FA53E6A7}.Release|Any CPU.ActiveCfg = Release|Any CPU
		{79E78899-B677-485A-B9BB-36B7FA53E6A7}.Release|Any CPU.Build.0 = Release|Any CPU
		{79E78899-B677-485A-B9BB-36B7FA53E6A7}.Release|ARM.ActiveCfg = Release|ARM
		{79E78899-B677-485A-B9BB-36B7FA53E6A7}.Release|ARM.Build.0 = Release|ARM
		{79E78899-B677-485A-B9BB-36B7FA53E6A7}.Release|x64.ActiveCfg = Release|x64
		{79E78899-B677-485A-B9BB-36B7FA53E6A7}.Release|x64.Build.0 = Release|x64
		{79E78899-B677-485A-B9BB-36B7FA53E6A7}.Release|x86.ActiveCfg = Release|x86
		{79E78899-B677-485A-B9BB-36B7FA53E6A7}.Release|x86.Build.0 = Release|x86
		{13BD17B3-DACF-4D01-9100-754B307EAEF5}.Debug|Any CPU.ActiveCfg = Debug|Any CPU
		{13BD17B3-DACF-4D01-9100-754B307EAEF5}.Debug|Any CPU.Build.0 = Debug|Any CPU
		{13BD17B3-DACF-4D01-9100-754B307EAEF5}.Debug|ARM.ActiveCfg = Debug|ARM
		{13BD17B3-DACF-4D01-9100-754B307EAEF5}.Debug|ARM.Build.0 = Debug|ARM
		{13BD17B3-DACF-4D01-9100-754B307EAEF5}.Debug|x64.ActiveCfg = Debug|x64
		{13BD17B3-DACF-4D01-9100-754B307EAEF5}.Debug|x64.Build.0 = Debug|x64
		{13BD17B3-DACF-4D01-9100-754B307EAEF5}.Debug|x86.ActiveCfg = Debug|x86
		{13BD17B3-DACF-4D01-9100-754B307EAEF5}.Debug|x86.Build.0 = Debug|x86
		{13BD17B3-DACF-4D01-9100-754B307EAEF5}.Release|Any CPU.ActiveCfg = Release|Any CPU
		{13BD17B3-DACF-4D01-9100-754B307EAEF5}.Release|Any CPU.Build.0 = Release|Any CPU
		{13BD17B3-DACF-4D01-9100-754B307EAEF5}.Release|ARM.ActiveCfg = Release|ARM
		{13BD17B3-DACF-4D01-9100-754B307EAEF5}.Release|ARM.Build.0 = Release|ARM
		{13BD17B3-DACF-4D01-9100-754B307EAEF5}.Release|x64.ActiveCfg = Release|x64
		{13BD17B3-DACF-4D01-9100-754B307EAEF5}.Release|x64.Build.0 = Release|x64
		{13BD17B3-DACF-4D01-9100-754B307EAEF5}.Release|x86.ActiveCfg = Release|x86
		{13BD17B3-DACF-4D01-9100-754B307EAEF5}.Release|x86.Build.0 = Release|x86
		{04BB7D9D-6F87-4B6D-B1BC-B9FCE6C10CE6}.Debug|Any CPU.ActiveCfg = Debug|Any CPU
		{04BB7D9D-6F87-4B6D-B1BC-B9FCE6C10CE6}.Debug|Any CPU.Build.0 = Debug|Any CPU
		{04BB7D9D-6F87-4B6D-B1BC-B9FCE6C10CE6}.Debug|ARM.ActiveCfg = Debug|ARM
		{04BB7D9D-6F87-4B6D-B1BC-B9FCE6C10CE6}.Debug|ARM.Build.0 = Debug|ARM
		{04BB7D9D-6F87-4B6D-B1BC-B9FCE6C10CE6}.Debug|x64.ActiveCfg = Debug|x64
		{04BB7D9D-6F87-4B6D-B1BC-B9FCE6C10CE6}.Debug|x64.Build.0 = Debug|x64
		{04BB7D9D-6F87-4B6D-B1BC-B9FCE6C10CE6}.Debug|x86.ActiveCfg = Debug|x86
		{04BB7D9D-6F87-4B6D-B1BC-B9FCE6C10CE6}.Debug|x86.Build.0 = Debug|x86
		{04BB7D9D-6F87-4B6D-B1BC-B9FCE6C10CE6}.Release|Any CPU.ActiveCfg = Release|Any CPU
		{04BB7D9D-6F87-4B6D-B1BC-B9FCE6C10CE6}.Release|Any CPU.Build.0 = Release|Any CPU
		{04BB7D9D-6F87-4B6D-B1BC-B9FCE6C10CE6}.Release|ARM.ActiveCfg = Release|ARM
		{04BB7D9D-6F87-4B6D-B1BC-B9FCE6C10CE6}.Release|ARM.Build.0 = Release|ARM
		{04BB7D9D-6F87-4B6D-B1BC-B9FCE6C10CE6}.Release|x64.ActiveCfg = Release|x64
		{04BB7D9D-6F87-4B6D-B1BC-B9FCE6C10CE6}.Release|x64.Build.0 = Release|x64
		{04BB7D9D-6F87-4B6D-B1BC-B9FCE6C10CE6}.Release|x86.ActiveCfg = Release|x86
		{04BB7D9D-6F87-4B6D-B1BC-B9FCE6C10CE6}.Release|x86.Build.0 = Release|x86
		{DF5F366A-3AD0-410B-A1B2-B94719C551B1}.Debug|Any CPU.ActiveCfg = Debug|Any CPU
		{DF5F366A-3AD0-410B-A1B2-B94719C551B1}.Debug|Any CPU.Build.0 = Debug|Any CPU
		{DF5F366A-3AD0-410B-A1B2-B94719C551B1}.Debug|ARM.ActiveCfg = Debug|ARM
		{DF5F366A-3AD0-410B-A1B2-B94719C551B1}.Debug|ARM.Build.0 = Debug|ARM
		{DF5F366A-3AD0-410B-A1B2-B94719C551B1}.Debug|x64.ActiveCfg = Debug|x64
		{DF5F366A-3AD0-410B-A1B2-B94719C551B1}.Debug|x64.Build.0 = Debug|x64
		{DF5F366A-3AD0-410B-A1B2-B94719C551B1}.Debug|x86.ActiveCfg = Debug|x86
		{DF5F366A-3AD0-410B-A1B2-B94719C551B1}.Debug|x86.Build.0 = Debug|x86
		{DF5F366A-3AD0-410B-A1B2-B94719C551B1}.Release|Any CPU.ActiveCfg = Release|Any CPU
		{DF5F366A-3AD0-410B-A1B2-B94719C551B1}.Release|Any CPU.Build.0 = Release|Any CPU
		{DF5F366A-3AD0-410B-A1B2-B94719C551B1}.Release|ARM.ActiveCfg = Release|ARM
		{DF5F366A-3AD0-410B-A1B2-B94719C551B1}.Release|ARM.Build.0 = Release|ARM
		{DF5F366A-3AD0-410B-A1B2-B94719C551B1}.Release|x64.ActiveCfg = Release|x64
		{DF5F366A-3AD0-410B-A1B2-B94719C551B1}.Release|x64.Build.0 = Release|x64
		{DF5F366A-3AD0-410B-A1B2-B94719C551B1}.Release|x86.ActiveCfg = Release|x86
		{DF5F366A-3AD0-410B-A1B2-B94719C551B1}.Release|x86.Build.0 = Release|x86
		{2BB01A05-C9D7-4782-A531-8689F30F1D1B}.Debug|Any CPU.ActiveCfg = Debug|Any CPU
		{2BB01A05-C9D7-4782-A531-8689F30F1D1B}.Debug|Any CPU.Build.0 = Debug|Any CPU
		{2BB01A05-C9D7-4782-A531-8689F30F1D1B}.Debug|ARM.ActiveCfg = Debug|ARM
		{2BB01A05-C9D7-4782-A531-8689F30F1D1B}.Debug|ARM.Build.0 = Debug|ARM
		{2BB01A05-C9D7-4782-A531-8689F30F1D1B}.Debug|x64.ActiveCfg = Debug|x64
		{2BB01A05-C9D7-4782-A531-8689F30F1D1B}.Debug|x64.Build.0 = Debug|x64
		{2BB01A05-C9D7-4782-A531-8689F30F1D1B}.Debug|x86.ActiveCfg = Debug|x86
		{2BB01A05-C9D7-4782-A531-8689F30F1D1B}.Debug|x86.Build.0 = Debug|x86
		{2BB01A05-C9D7-4782-A531-8689F30F1D1B}.Release|Any CPU.ActiveCfg = Release|Any CPU
		{2BB01A05-C9D7-4782-A531-8689F30F1D1B}.Release|Any CPU.Build.0 = Release|Any CPU
		{2BB01A05-C9D7-4782-A531-8689F30F1D1B}.Release|ARM.ActiveCfg = Release|ARM
		{2BB01A05-C9D7-4782-A531-8689F30F1D1B}.Release|ARM.Build.0 = Release|ARM
		{2BB01A05-C9D7-4782-A531-8689F30F1D1B}.Release|x64.ActiveCfg = Release|x64
		{2BB01A05-C9D7-4782-A531-8689F30F1D1B}.Release|x64.Build.0 = Release|x64
		{2BB01A05-C9D7-4782-A531-8689F30F1D1B}.Release|x86.ActiveCfg = Release|x86
		{2BB01A05-C9D7-4782-A531-8689F30F1D1B}.Release|x86.Build.0 = Release|x86
		{672B06DD-4244-4C66-BD35-FBB8D72BF78A}.Debug|Any CPU.ActiveCfg = Debug|Any CPU
		{672B06DD-4244-4C66-BD35-FBB8D72BF78A}.Debug|Any CPU.Build.0 = Debug|Any CPU
		{672B06DD-4244-4C66-BD35-FBB8D72BF78A}.Debug|ARM.ActiveCfg = Debug|ARM
		{672B06DD-4244-4C66-BD35-FBB8D72BF78A}.Debug|ARM.Build.0 = Debug|ARM
		{672B06DD-4244-4C66-BD35-FBB8D72BF78A}.Debug|x64.ActiveCfg = Debug|x64
		{672B06DD-4244-4C66-BD35-FBB8D72BF78A}.Debug|x64.Build.0 = Debug|x64
		{672B06DD-4244-4C66-BD35-FBB8D72BF78A}.Debug|x86.ActiveCfg = Debug|x86
		{672B06DD-4244-4C66-BD35-FBB8D72BF78A}.Debug|x86.Build.0 = Debug|x86
		{672B06DD-4244-4C66-BD35-FBB8D72BF78A}.Release|Any CPU.ActiveCfg = Release|Any CPU
		{672B06DD-4244-4C66-BD35-FBB8D72BF78A}.Release|Any CPU.Build.0 = Release|Any CPU
		{672B06DD-4244-4C66-BD35-FBB8D72BF78A}.Release|ARM.ActiveCfg = Release|ARM
		{672B06DD-4244-4C66-BD35-FBB8D72BF78A}.Release|ARM.Build.0 = Release|ARM
		{672B06DD-4244-4C66-BD35-FBB8D72BF78A}.Release|x64.ActiveCfg = Release|x64
		{672B06DD-4244-4C66-BD35-FBB8D72BF78A}.Release|x64.Build.0 = Release|x64
		{672B06DD-4244-4C66-BD35-FBB8D72BF78A}.Release|x86.ActiveCfg = Release|x86
		{672B06DD-4244-4C66-BD35-FBB8D72BF78A}.Release|x86.Build.0 = Release|x86
		{17B81B49-ACF8-4E05-8930-F06B07F17182}.Debug|Any CPU.ActiveCfg = Debug|Any CPU
		{17B81B49-ACF8-4E05-8930-F06B07F17182}.Debug|Any CPU.Build.0 = Debug|Any CPU
		{17B81B49-ACF8-4E05-8930-F06B07F17182}.Debug|ARM.ActiveCfg = Debug|ARM
		{17B81B49-ACF8-4E05-8930-F06B07F17182}.Debug|ARM.Build.0 = Debug|ARM
		{17B81B49-ACF8-4E05-8930-F06B07F17182}.Debug|x64.ActiveCfg = Debug|x64
		{17B81B49-ACF8-4E05-8930-F06B07F17182}.Debug|x64.Build.0 = Debug|x64
		{17B81B49-ACF8-4E05-8930-F06B07F17182}.Debug|x86.ActiveCfg = Debug|x86
		{17B81B49-ACF8-4E05-8930-F06B07F17182}.Debug|x86.Build.0 = Debug|x86
		{17B81B49-ACF8-4E05-8930-F06B07F17182}.Release|Any CPU.ActiveCfg = Release|Any CPU
		{17B81B49-ACF8-4E05-8930-F06B07F17182}.Release|Any CPU.Build.0 = Release|Any CPU
		{17B81B49-ACF8-4E05-8930-F06B07F17182}.Release|ARM.ActiveCfg = Release|ARM
		{17B81B49-ACF8-4E05-8930-F06B07F17182}.Release|ARM.Build.0 = Release|ARM
		{17B81B49-ACF8-4E05-8930-F06B07F17182}.Release|x64.ActiveCfg = Release|x64
		{17B81B49-ACF8-4E05-8930-F06B07F17182}.Release|x64.Build.0 = Release|x64
		{17B81B49-ACF8-4E05-8930-F06B07F17182}.Release|x86.ActiveCfg = Release|x86
		{17B81B49-ACF8-4E05-8930-F06B07F17182}.Release|x86.Build.0 = Release|x86
		{29396881-358F-4CA9-8289-5D4E1DC0B99E}.Debug|Any CPU.ActiveCfg = Debug|Any CPU
		{29396881-358F-4CA9-8289-5D4E1DC0B99E}.Debug|Any CPU.Build.0 = Debug|Any CPU
		{29396881-358F-4CA9-8289-5D4E1DC0B99E}.Debug|ARM.ActiveCfg = Debug|ARM
		{29396881-358F-4CA9-8289-5D4E1DC0B99E}.Debug|ARM.Build.0 = Debug|ARM
		{29396881-358F-4CA9-8289-5D4E1DC0B99E}.Debug|x64.ActiveCfg = Debug|x64
		{29396881-358F-4CA9-8289-5D4E1DC0B99E}.Debug|x64.Build.0 = Debug|x64
		{29396881-358F-4CA9-8289-5D4E1DC0B99E}.Debug|x86.ActiveCfg = Debug|x86
		{29396881-358F-4CA9-8289-5D4E1DC0B99E}.Debug|x86.Build.0 = Debug|x86
		{29396881-358F-4CA9-8289-5D4E1DC0B99E}.Release|Any CPU.ActiveCfg = Release|Any CPU
		{29396881-358F-4CA9-8289-5D4E1DC0B99E}.Release|Any CPU.Build.0 = Release|Any CPU
		{29396881-358F-4CA9-8289-5D4E1DC0B99E}.Release|ARM.ActiveCfg = Release|ARM
		{29396881-358F-4CA9-8289-5D4E1DC0B99E}.Release|ARM.Build.0 = Release|ARM
		{29396881-358F-4CA9-8289-5D4E1DC0B99E}.Release|x64.ActiveCfg = Release|x64
		{29396881-358F-4CA9-8289-5D4E1DC0B99E}.Release|x64.Build.0 = Release|x64
		{29396881-358F-4CA9-8289-5D4E1DC0B99E}.Release|x86.ActiveCfg = Release|x86
		{29396881-358F-4CA9-8289-5D4E1DC0B99E}.Release|x86.Build.0 = Release|x86
		{B3F0BD5A-3D5F-474B-AD8A-FCCA5C7156F1}.Debug|Any CPU.ActiveCfg = Debug|Any CPU
		{B3F0BD5A-3D5F-474B-AD8A-FCCA5C7156F1}.Debug|Any CPU.Build.0 = Debug|Any CPU
		{B3F0BD5A-3D5F-474B-AD8A-FCCA5C7156F1}.Debug|ARM.ActiveCfg = Debug|ARM
		{B3F0BD5A-3D5F-474B-AD8A-FCCA5C7156F1}.Debug|ARM.Build.0 = Debug|ARM
		{B3F0BD5A-3D5F-474B-AD8A-FCCA5C7156F1}.Debug|x64.ActiveCfg = Debug|x64
		{B3F0BD5A-3D5F-474B-AD8A-FCCA5C7156F1}.Debug|x64.Build.0 = Debug|x64
		{B3F0BD5A-3D5F-474B-AD8A-FCCA5C7156F1}.Debug|x86.ActiveCfg = Debug|x86
		{B3F0BD5A-3D5F-474B-AD8A-FCCA5C7156F1}.Debug|x86.Build.0 = Debug|x86
		{B3F0BD5A-3D5F-474B-AD8A-FCCA5C7156F1}.Release|Any CPU.ActiveCfg = Release|Any CPU
		{B3F0BD5A-3D5F-474B-AD8A-FCCA5C7156F1}.Release|Any CPU.Build.0 = Release|Any CPU
		{B3F0BD5A-3D5F-474B-AD8A-FCCA5C7156F1}.Release|ARM.ActiveCfg = Release|ARM
		{B3F0BD5A-3D5F-474B-AD8A-FCCA5C7156F1}.Release|ARM.Build.0 = Release|ARM
		{B3F0BD5A-3D5F-474B-AD8A-FCCA5C7156F1}.Release|x64.ActiveCfg = Release|x64
		{B3F0BD5A-3D5F-474B-AD8A-FCCA5C7156F1}.Release|x64.Build.0 = Release|x64
		{B3F0BD5A-3D5F-474B-AD8A-FCCA5C7156F1}.Release|x86.ActiveCfg = Release|x86
		{B3F0BD5A-3D5F-474B-AD8A-FCCA5C7156F1}.Release|x86.Build.0 = Release|x86
	EndGlobalSection
	GlobalSection(SolutionProperties) = preSolution
		HideSolutionNode = FALSE
	EndGlobalSection
	GlobalSection(ExtensibilityGlobals) = postSolution
		SolutionGuid = {22708C83-489D-467C-9B2C-DB02EDF67A84}
	EndGlobalSection
EndGlobal
